# This file is automatically @generated by Wally.
# It is not intended for manual editing.
registry = "test"

[[package]]
name = "do-not-publish/xyz"
version = "0.1.0"
dependencies = [["CFrameUtil", "nightcycle/cframe-util@1.0.0"], ["ColdFusion", "nightcycle/cold-fusion@6.3.2"], ["ConstraintUtil", "nightcycle/constraint-util@1.0.0"], ["CurveUtil", "nightcycle/curve-util@1.0.0"], ["Draw", "nightcycle/draw@1.0.6"], ["GeometryUtil", "nightcycle/geometry-util@1.1.1"], ["Maid", "nightcycle/maid@1.1.4"], ["Matrix", "nightcycle/matrix@1.0.1"], ["MeshUtil", "nightcycle/mesh-util@1.0.3"], ["Midas", "nightcycle/midas@1.5.0"], ["ModelUtil", "nightcycle/model-util@1.0.6"], ["NetworkUtil", "nightcycle/network-util@1.7.0"], ["NoiseUtil", "nightcycle/noise-util@1.0.5"], ["PathUtil", "nightcycle/path-util@2.0.3"], ["PhysicsUtil", "nightcycle/physics-util@1.3.0"], ["Serialize", "nightcycle/serializer@0.1.9"], ["ServiceProxy", "nightcycle/service-proxy@1.0.0"], ["Signal", "nightcycle/signal@1.0.2"], ["Sketcher", "nightcycle/sketcher@1.1.2"], ["Spring", "nightcycle/spring@1.0.0"], ["Synthetic", "nightcycle/synthetic@4.1.3"], ["TableUtil", "nightcycle/table-util@1.1.0"], ["TimeSync", "nightcycle/timesync@0.1.2"], ["UnitTest", "nightcycle/unit-test@1.0.1"], ["ValueSequence", "nightcycle/valuesequence@1.1.0"], ["Vector", "nightcycle/vector@1.0.2"]]

[[package]]
name = "nightcycle/boat-graph"
version = "1.0.2"
dependencies = [["maid", "quenty/maid@2.0.1-canary.140ed9d6.1"]]

[[package]]
name = "nightcycle/cframe-util"
version = "1.0.0"
dependencies = [["GeometryUtil", "nightcycle/geometry-util@1.1.1"]]

[[package]]
name = "nightcycle/cold-fusion"
version = "6.3.2"
dependencies = [["Maid", "nightcycle/maid@1.1.4"], ["ServiceProxy", "nightcycle/service-proxy@1.0.0"], ["Signal", "nightcycle/signal@1.0.2"], ["TableUtil", "nightcycle/table-util@1.1.0"]]

[[package]]
name = "nightcycle/constraint-util"
version = "1.0.0"
dependencies = [["Maid", "nightcycle/maid@1.1.4"]]

[[package]]
name = "nightcycle/curve-util"
version = "1.0.0"
dependencies = [["Vector", "nightcycle/vector@1.0.2"]]

[[package]]
name = "nightcycle/draw"
version = "1.0.6"
dependencies = []

[[package]]
name = "nightcycle/fetchu"
version = "1.0.1"
dependencies = []

[[package]]
name = "nightcycle/format"
version = "0.1.3"
dependencies = [["maid", "nightcycle/maid@1.1.4"], ["signal", "nightcycle/signal@1.0.2"], ["string", "nightcycle/string@0.1.0"]]

[[package]]
name = "nightcycle/geometry-util"
version = "1.1.1"
dependencies = []

[[package]]
name = "nightcycle/luau-math"
version = "1.5.2"
dependencies = []

[[package]]
name = "nightcycle/maid"
version = "1.1.4"
dependencies = []

[[package]]
name = "nightcycle/math"
version = "2.2.1"
dependencies = [["graph", "nightcycle/boat-graph@1.0.2"], ["testez", "roblox/testez@0.4.1"]]

[[package]]
name = "nightcycle/matrix"
version = "1.0.1"
dependencies = [["Vector", "nightcycle/vector@1.0.2"]]

[[package]]
name = "nightcycle/mesh-util"
version = "1.0.3"
dependencies = [["GeometryUtil", "nightcycle/geometry-util@1.1.1"]]

[[package]]
name = "nightcycle/midas"
version = "1.5.0"
dependencies = [["Draw", "nightcycle/draw@1.0.6"], ["Fetchu", "nightcycle/fetchu@1.0.1"], ["Maid", "nightcycle/maid@1.1.4"], ["Math", "nightcycle/luau-math@1.5.2"], ["Network", "nightcycle/network-util@1.7.0"], ["Signal", "nightcycle/signal@1.0.2"], ["TableUtil", "nightcycle/table-util@1.1.0"]]

[[package]]
name = "nightcycle/model-util"
version = "1.0.6"
dependencies = [["CFrameUtil", "nightcycle/cframe-util@1.0.0"], ["ConstraintUtil", "nightcycle/constraint-util@1.0.0"], ["Maid", "nightcycle/maid@1.1.4"], ["MeshUtil", "nightcycle/mesh-util@1.0.3"]]

[[package]]
name = "nightcycle/network-util"
version = "1.7.0"
dependencies = [["Maid", "nightcycle/maid@1.1.4"], ["Signal", "nightcycle/signal@1.0.2"]]

[[package]]
name = "nightcycle/noise-util"
version = "1.0.5"
dependencies = [["CurveUtil", "nightcycle/curve-util@1.0.0"], ["Matrix", "nightcycle/matrix@1.0.1"], ["Vector", "nightcycle/vector@1.0.2"]]

[[package]]
name = "nightcycle/path-util"
version = "2.0.3"
dependencies = [["TableUtil", "nightcycle/table-util@1.1.0"]]

[[package]]
name = "nightcycle/physics-util"
version = "1.3.0"
dependencies = []

[[package]]
name = "nightcycle/serializer"
version = "0.1.9"
dependencies = []

[[package]]
name = "nightcycle/service-proxy"
version = "1.0.0"
dependencies = []

[[package]]
name = "nightcycle/signal"
version = "1.0.2"
dependencies = []

[[package]]
name = "nightcycle/sketcher"
version = "1.1.2"
dependencies = [["Maid", "nightcycle/maid@1.1.4"]]

[[package]]
name = "nightcycle/spring"
version = "1.0.0"
dependencies = []

[[package]]
name = "nightcycle/string"
version = "0.1.0"
dependencies = []

[[package]]
name = "nightcycle/synthetic"
version = "4.1.3"
dependencies = [["ColdFusion", "nightcycle/cold-fusion@6.3.2"], ["Format", "nightcycle/format@0.1.3"], ["Maid", "nightcycle/maid@1.1.4"], ["MeshUtil", "nightcycle/mesh-util@1.0.3"], ["Signal", "nightcycle/signal@1.0.2"]]

[[package]]
name = "nightcycle/table-util"
version = "1.1.0"
dependencies = []

[[package]]
name = "nightcycle/timesync"
version = "0.1.2"
dependencies = [["Maid", "nightcycle/maid@1.1.4"], ["NetworkUtil", "nightcycle/network-util@1.7.0"], ["Signal", "nightcycle/signal@1.0.2"]]

[[package]]
name = "nightcycle/unit-test"
version = "1.0.1"
dependencies = [["Draw", "nightcycle/draw@1.0.6"], ["Maid", "nightcycle/maid@1.1.4"], ["Math", "nightcycle/luau-math@1.5.2"], ["Signal", "nightcycle/signal@1.0.2"]]

[[package]]
name = "nightcycle/valuesequence"
version = "1.1.0"
dependencies = [["graph", "nightcycle/boat-graph@1.0.2"], ["maid", "quenty/maid@2.0.1-canary.140ed9d6.1"], ["math", "nightcycle/math@2.2.1"]]

[[package]]
name = "nightcycle/vector"
version = "1.0.2"
dependencies = []

[[package]]
name = "quenty/maid"
version = "2.0.1-canary.140ed9d6.1"
dependencies = []

[[package]]
name = "roblox/testez"
version = "0.4.1"
dependencies = []
